{
  "originHash" : "c2c24a6af73443be54eac9d9f67b20510d7a79c89d4a1d90a7820199369656a9",
  "pins" : [
    {
      "identity" : "activityindicatorview",
      "kind" : "remoteSourceControl",
      "location" : "https://github.com/exyte/ActivityIndicatorView",
      "state" : {
        "revision" : "9970fd0bb7a05dad0b6566ae1f56937716686b24",
        "version" : "1.1.1"
      }
    },
    {
      "identity" : "chat",
      "kind" : "remoteSourceControl",
      "location" : "https://github.com/exyte/Chat",
      "state" : {
        "revision" : "479b145a3d24ef926c9a3c502fcdc6acbd6f46ea",
        "version" : "2.0.8"
      }
    },
    {
      "identity" : "floatingbutton",
      "kind" : "remoteSourceControl",
      "location" : "https://github.com/exyte/FloatingButton",
      "state" : {
        "revision" : "cf77c2f124df1423d90a9a1985e9b9ccfa4b9b3e",
        "version" : "1.3.0"
      }
    },
    {
      "identity" : "inputbaraccessoryview",
      "kind" : "remoteSourceControl",
      "location" : "https://github.com/nathantannar4/InputBarAccessoryView",
      "state" : {
        "revision" : "c7acd5fa32e54cd7a44ad7eb9a7730da35b54c95",
        "version" : "6.5.1"
      }
    },
    {
      "identity" : "mediapicker",
      "kind" : "remoteSourceControl",
      "location" : "https://github.com/exyte/MediaPicker.git",
      "state" : {
        "revision" : "88769b1b69c2b5e5fa5b65522c08bc7b667a6cb8",
        "version" : "2.2.3"
      }
    },
    {
      "identity" : "messagekit",
      "kind" : "remoteSourceControl",
      "location" : "https://github.com/MessageKit/MessageKit",
      "state" : {
        "revision" : "b024c1287ac30fb6ea2ee07169e6193efc11d972",
        "version" : "4.3.0"
      }
    },
    {
      "identity" : "swiftui-introspect",
      "kind" : "remoteSourceControl",
      "location" : "https://github.com/siteline/swiftui-introspect",
      "state" : {
        "revision" : "807f73ce09a9b9723f12385e592b4e0aaebd3336",
        "version" : "1.3.0"
      }
    },
    {
      "identity" : "wrappinghstack",
      "kind" : "remoteSourceControl",
      "location" : "https://github.com/dkk/WrappingHStack",
      "state" : {
        "revision" : "425d9488ba55f58f0b34498c64c054c77fc2a44b",
        "version" : "2.2.11"
      }
    }
  ],
  "version" : 3
}
